
Microsoft Visual Studio Solution File, Format Version 12.00
# Visual Studio Version 17
VisualStudioVersion = 17.4.33110.190
MinimumVisualStudioVersion = 10.0.40219.1
Project("{FAE04EC0-301F-11D3-BF4B-00C04F79EFBC}") = "Evenementen.Startup", "Evenementen.Startup\Evenementen.Startup.csproj", "{38C4B62A-4129-43FF-8069-A22C68A30B8C}"
EndProject
Project("{FAE04EC0-301F-11D3-BF4B-00C04F79EFBC}") = "Evenementen.Domain", "Evenementen.Domain\Evenementen.Domain.csproj", "{7BD69F03-22B0-4214-A780-6CD6850AE0D9}"
EndProject
Project("{FAE04EC0-301F-11D3-BF4B-00C04F79EFBC}") = "Evenementen.Persitence", "Evenementen.Persitence\Evenementen.Persitence.csproj", "{13EF1454-3178-481E-8E50-4085B71F5174}"
EndProject
Project("{FAE04EC0-301F-11D3-BF4B-00C04F79EFBC}") = "Evenementen.Presentation", "Evenementen.Presentation\Evenementen.Presentation.csproj", "{E445A292-3BC9-4EF1-AC42-954E03FD6D8D}"
EndProject
Global
	GlobalSection(SolutionConfigurationPlatforms) = preSolution
		Debug|Any CPU = Debug|Any CPU
		Release|Any CPU = Release|Any CPU
	EndGlobalSection
	GlobalSection(ProjectConfigurationPlatforms) = postSolution
		{38C4B62A-4129-43FF-8069-A22C68A30B8C}.Debug|Any CPU.ActiveCfg = Debug|Any CPU
		{38C4B62A-4129-43FF-8069-A22C68A30B8C}.Debug|Any CPU.Build.0 = Debug|Any CPU
		{38C4B62A-4129-43FF-8069-A22C68A30B8C}.Release|Any CPU.ActiveCfg = Release|Any CPU
		{38C4B62A-4129-43FF-8069-A22C68A30B8C}.Release|Any CPU.Build.0 = Release|Any CPU
		{7BD69F03-22B0-4214-A780-6CD6850AE0D9}.Debug|Any CPU.ActiveCfg = Debug|Any CPU
		{7BD69F03-22B0-4214-A780-6CD6850AE0D9}.Debug|Any CPU.Build.0 = Debug|Any CPU
		{7BD69F03-22B0-4214-A780-6CD6850AE0D9}.Release|Any CPU.ActiveCfg = Release|Any CPU
		{7BD69F03-22B0-4214-A780-6CD6850AE0D9}.Release|Any CPU.Build.0 = Release|Any CPU
		{13EF1454-3178-481E-8E50-4085B71F5174}.Debug|Any CPU.ActiveCfg = Debug|Any CPU
		{13EF1454-3178-481E-8E50-4085B71F5174}.Debug|Any CPU.Build.0 = Debug|Any CPU
		{13EF1454-3178-481E-8E50-4085B71F5174}.Release|Any CPU.ActiveCfg = Release|Any CPU
		{13EF1454-3178-481E-8E50-4085B71F5174}.Release|Any CPU.Build.0 = Release|Any CPU
		{E445A292-3BC9-4EF1-AC42-954E03FD6D8D}.Debug|Any CPU.ActiveCfg = Debug|Any CPU
		{E445A292-3BC9-4EF1-AC42-954E03FD6D8D}.Debug|Any CPU.Build.0 = Debug|Any CPU
		{E445A292-3BC9-4EF1-AC42-954E03FD6D8D}.Release|Any CPU.ActiveCfg = Release|Any CPU
		{E445A292-3BC9-4EF1-AC42-954E03FD6D8D}.Release|Any CPU.Build.0 = Release|Any CPU
	EndGlobalSection
	GlobalSection(SolutionProperties) = preSolution
		HideSolutionNode = FALSE
	EndGlobalSection
	GlobalSection(ExtensibilityGlobals) = postSolution
		SolutionGuid = {1AA3AB8C-A65E-458D-BCCF-DE4E6700313B}
	EndGlobalSection
EndGlobal
